
Microsoft Visual Studio Solution File, Format Version 12.00
# Visual Studio Version 17
VisualStudioVersion = 17.9.34607.119
MinimumVisualStudioVersion = 10.0.40219.1
Project("{FAE04EC0-301F-11D3-BF4B-00C04F79EFBC}") = "Systéme de gestion de MatchaTN", "Systéme de gestion de MatchaTN\Systéme de gestion de MatchaTN.csproj", "{3800BDAC-E741-4D95-BBE7-6DB0BD2C9265}"
EndProject
Global
	GlobalSection(SolutionConfigurationPlatforms) = preSolution
		Debug|Any CPU = Debug|Any CPU
		Release|Any CPU = Release|Any CPU
	EndGlobalSection
	GlobalSection(ProjectConfigurationPlatforms) = postSolution
		{3800BDAC-E741-4D95-BBE7-6DB0BD2C9265}.Debug|Any CPU.ActiveCfg = Debug|Any CPU
		{3800BDAC-E741-4D95-BBE7-6DB0BD2C9265}.Debug|Any CPU.Build.0 = Debug|Any CPU
		{3800BDAC-E741-4D95-BBE7-6DB0BD2C9265}.Release|Any CPU.ActiveCfg = Release|Any CPU
		{3800BDAC-E741-4D95-BBE7-6DB0BD2C9265}.Release|Any CPU.Build.0 = Release|Any CPU
	EndGlobalSection
	GlobalSection(SolutionProperties) = preSolution
		HideSolutionNode = FALSE
	EndGlobalSection
	GlobalSection(ExtensibilityGlobals) = postSolution
		SolutionGuid = {BB9EA949-F346-43E1-89EB-8D9FDC17DCE2}
	EndGlobalSection
EndGlobal
